{
  "nodes": {
    "cmp-buffer": {
      "flake": false,
      "locked": {
        "lastModified": 1660101488,
        "narHash": "sha256-dG4U7MtnXThoa/PD+qFtCt76MQ14V1wX8GMYcvxEnbM=",
        "owner": "hrsh7th",
        "repo": "cmp-buffer",
        "rev": "3022dbc9166796b644a841a02de8dd1cc1d311fa",
        "type": "github"
      },
      "original": {
        "owner": "hrsh7th",
        "repo": "cmp-buffer",
        "type": "github"
      }
    },
    "cmp-cmdline": {
      "flake": false,
      "locked": {
        "lastModified": 1686243464,
        "narHash": "sha256-W8v/XhPjbvKSwCrfOAPihO2N9PEVnH5Cp/Fa25lNRw4=",
        "owner": "hrsh7th",
        "repo": "cmp-cmdline",
        "rev": "8ee981b4a91f536f52add291594e89fb6645e451",
        "type": "github"
      },
      "original": {
        "owner": "hrsh7th",
        "repo": "cmp-cmdline",
        "type": "github"
      }
    },
    "cmp-luasnip": {
      "flake": false,
      "locked": {
        "lastModified": 1696878902,
        "narHash": "sha256-nUJJl2zyK/oSwz5RzI9j3gf9zpDfCImCYbPbVsyXgz8=",
        "owner": "saadparwaiz1",
        "repo": "cmp_luasnip",
        "rev": "05a9ab28b53f71d1aece421ef32fee2cb857a843",
        "type": "github"
      },
      "original": {
        "owner": "saadparwaiz1",
        "repo": "cmp_luasnip",
        "type": "github"
      }
    },
    "cmp-nvim-lsp": {
      "flake": false,
      "locked": {
        "lastModified": 1687494203,
        "narHash": "sha256-mU0soCz79erJXMMqD/FyrJZ0mu2n6fE0deymPzQlxts=",
        "owner": "hrsh7th",
        "repo": "cmp-nvim-lsp",
        "rev": "44b16d11215dce86f253ce0c30949813c0a90765",
        "type": "github"
      },
      "original": {
        "owner": "hrsh7th",
        "repo": "cmp-nvim-lsp",
        "type": "github"
      }
    },
    "cmp-path": {
      "flake": false,
      "locked": {
        "lastModified": 1664784283,
        "narHash": "sha256-thppiiV3wjIaZnAXmsh7j3DUc6ceSCvGzviwFUnoPaI=",
        "owner": "hrsh7th",
        "repo": "cmp-path",
        "rev": "91ff86cd9c29299a64f968ebb45846c485725f23",
        "type": "github"
      },
      "original": {
        "owner": "hrsh7th",
        "repo": "cmp-path",
        "type": "github"
      }
    },
    "copilot-cmp": {
      "flake": false,
      "locked": {
        "lastModified": 1694286652,
        "narHash": "sha256-srgNohm/aJpswNJ5+T7p+zi9Jinp9e5FA8/wdk6VRiY=",
        "owner": "zbirenbaum",
        "repo": "copilot-cmp",
        "rev": "72fbaa03695779f8349be3ac54fa8bd77eed3ee3",
        "type": "github"
      },
      "original": {
        "owner": "zbirenbaum",
        "repo": "copilot-cmp",
        "type": "github"
      }
    },
    "copilot-lua": {
      "flake": false,
      "locked": {
        "lastModified": 1699122523,
        "narHash": "sha256-z19D6CybF2TkpOreOqUFTT2uyX8yRt13b/4JNrWEL5U=",
        "owner": "zbirenbaum",
        "repo": "copilot.lua",
        "rev": "73047082d72fcfdde1f73b7f17ad495cffcbafaa",
        "type": "github"
      },
      "original": {
        "owner": "zbirenbaum",
        "repo": "copilot.lua",
        "type": "github"
      }
    },
    "fenix": {
      "inputs": {
        "nixpkgs": [
          "nixpkgs-fmt",
          "nixpkgs"
        ],
        "rust-analyzer-src": "rust-analyzer-src"
      },
      "locked": {
        "lastModified": 1637475807,
        "narHash": "sha256-E3nzOvlzZXwyo8Stp5upKsTCDcqUTYAFj4EC060A31c=",
        "owner": "nix-community",
        "repo": "fenix",
        "rev": "960e7fef45692a4fffc6df6d6b613b0399bbdfd5",
        "type": "github"
      },
      "original": {
        "owner": "nix-community",
        "repo": "fenix",
        "type": "github"
      }
    },
    "fidget-nvim": {
      "flake": false,
      "locked": {
        "lastModified": 1699509702,
        "narHash": "sha256-8Gl2Ck4YJGReSEq1Xeh1dpdRq4eImmrxvIHrfxdem3Q=",
        "owner": "j-hui",
        "repo": "fidget.nvim",
        "rev": "2f7c08f45639a64a5c0abcf67321d52c3f499ae6",
        "type": "github"
      },
      "original": {
        "owner": "j-hui",
        "ref": "legacy",
        "repo": "fidget.nvim",
        "type": "github"
      }
    },
    "flake-utils": {
      "inputs": {
        "systems": "systems"
      },
      "locked": {
        "lastModified": 1694529238,
        "narHash": "sha256-zsNZZGTGnMOf9YpHKJqMSsa0dXbfmxeoJ7xHlrt+xmY=",
        "owner": "numtide",
        "repo": "flake-utils",
        "rev": "ff7b65b44d01cf9ba6a71320833626af21126384",
        "type": "github"
      },
      "original": {
        "owner": "numtide",
        "repo": "flake-utils",
        "type": "github"
      }
    },
    "flake-utils_2": {
      "locked": {
        "lastModified": 1637014545,
        "narHash": "sha256-26IZAc5yzlD9FlDT54io1oqG/bBoyka+FJk5guaX4x4=",
        "owner": "numtide",
        "repo": "flake-utils",
        "rev": "bba5dcc8e0b20ab664967ad83d24d64cb64ec4f4",
        "type": "github"
      },
      "original": {
        "owner": "numtide",
        "repo": "flake-utils",
        "type": "github"
      }
    },
    "harpoon": {
      "flake": false,
      "locked": {
        "lastModified": 1696945578,
        "narHash": "sha256-pSnFx5fg1llNlpTCV4hoo3Pf1KWnAJDRVSe+88N4HXM=",
        "owner": "ThePrimeagen",
        "repo": "harpoon",
        "rev": "c1aebbad9e3d13f20bedb8f2ce8b3a94e39e424a",
        "type": "github"
      },
      "original": {
        "owner": "ThePrimeagen",
        "repo": "harpoon",
        "type": "github"
      }
    },
    "indent-blankline": {
      "flake": false,
      "locked": {
        "lastModified": 1698667250,
        "narHash": "sha256-IbafWRyQuR3JwfniGZm5rJQE0u8ih6hIRThi4kxLFn0=",
        "owner": "lukas-reineke",
        "repo": "indent-blankline.nvim",
        "rev": "29be0919b91fb59eca9e90690d76014233392bef",
        "type": "github"
      },
      "original": {
        "owner": "lukas-reineke",
        "repo": "indent-blankline.nvim",
        "type": "github"
      }
    },
    "lspkind": {
      "flake": false,
      "locked": {
        "lastModified": 1683275543,
        "narHash": "sha256-S+qZm51hw/cRujIfHV/1x1fYyCKI4XQ0utSL8uy4l6I=",
        "owner": "onsails",
        "repo": "lspkind.nvim",
        "rev": "57610d5ab560c073c465d6faf0c19f200cb67e6e",
        "type": "github"
      },
      "original": {
        "owner": "onsails",
        "repo": "lspkind.nvim",
        "type": "github"
      }
    },
    "lualine-nvim": {
      "flake": false,
      "locked": {
        "lastModified": 1697772980,
        "narHash": "sha256-jV+6mV0dyuhiHGei1UqE2r2GoiKJLtdZI2AMNexbi7E=",
        "owner": "nvim-lualine",
        "repo": "lualine.nvim",
        "rev": "2248ef254d0a1488a72041cfb45ca9caada6d994",
        "type": "github"
      },
      "original": {
        "owner": "nvim-lualine",
        "repo": "lualine.nvim",
        "type": "github"
      }
    },
    "luasnip": {
      "flake": false,
      "locked": {
        "lastModified": 1699652674,
        "narHash": "sha256-QELWYtliN0BAj1yVKZ0QtF0KEjHDvmeZ6f8MgEpMuYs=",
        "owner": "L3MON4D3",
        "repo": "LuaSnip",
        "rev": "46c91e814732c1630b8a8b50d04acbf54b8320fa",
        "type": "github"
      },
      "original": {
        "owner": "L3MON4D3",
        "repo": "LuaSnip",
        "type": "github"
      }
    },
    "mini-comment": {
      "flake": false,
      "locked": {
        "lastModified": 1685013431,
        "narHash": "sha256-oeXDsSlXHnVt2EcTlJZOdATs90TpWUX+yfKKhxALnZo=",
        "owner": "echasnovski",
        "repo": "mini.comment",
        "rev": "877acea5b2a32ff55f808fc0ebe9aa898648318c",
        "type": "github"
      },
      "original": {
        "owner": "echasnovski",
        "ref": "stable",
        "repo": "mini.comment",
        "type": "github"
      }
    },
    "mini-indentscope": {
      "flake": false,
      "locked": {
        "lastModified": 1683192076,
        "narHash": "sha256-lqy5GMi0J90X7TDrp4ao5Mp6FmBascfJhLjLurq1TMA=",
        "owner": "echasnovski",
        "repo": "mini.indentscope",
        "rev": "f60e9b51a6214c73a170ffc5445ce91560981031",
        "type": "github"
      },
      "original": {
        "owner": "echasnovski",
        "ref": "stable",
        "repo": "mini.indentscope",
        "type": "github"
      }
    },
    "mini-pairs": {
      "flake": false,
      "locked": {
        "lastModified": 1688820223,
        "narHash": "sha256-nEH970aQIEHWN7QPG1Yoyakqg4GDVnKxuS5PxcIJbnY=",
        "owner": "echasnovski",
        "repo": "mini.pairs",
        "rev": "dfa9f6e2576bb8853be277d96b735af59d9be7c2",
        "type": "github"
      },
      "original": {
        "owner": "echasnovski",
        "ref": "stable",
        "repo": "mini.pairs",
        "type": "github"
      }
    },
    "neovim": {
      "inputs": {
        "flake-utils": [
          "flake-utils"
        ],
        "nixpkgs": [
          "nixpkgs"
        ]
      },
      "locked": {
        "dir": "contrib",
        "lastModified": 1696883897,
        "narHash": "sha256-Lyo98cAs7Zhx23N4s4f3zpWFKYJMmXleWpt3wiVDQZo=",
        "owner": "neovim",
        "repo": "neovim",
        "rev": "d772f697a281ce9c58bf933997b87c7f27428a60",
        "type": "github"
      },
      "original": {
        "dir": "contrib",
        "owner": "neovim",
        "ref": "stable",
        "repo": "neovim",
        "type": "github"
      }
    },
    "nil_ls": {
      "inputs": {
        "flake-utils": [
          "flake-utils"
        ],
        "nixpkgs": [
          "nixpkgs"
        ],
        "rust-overlay": "rust-overlay"
      },
      "locked": {
        "lastModified": 1699423608,
        "narHash": "sha256-WEVUgivm5DCziwZqiXRPeoD3FQTXW38ExKrZjvMveqE=",
        "owner": "oxalica",
        "repo": "nil",
        "rev": "5607d429016d6f9a72843b07127fad23ea9d661f",
        "type": "github"
      },
      "original": {
        "owner": "oxalica",
        "repo": "nil",
        "type": "github"
      }
    },
    "nixpkgs": {
      "locked": {
        "lastModified": 1699099776,
        "narHash": "sha256-X09iKJ27mGsGambGfkKzqvw5esP1L/Rf8H3u3fCqIiU=",
        "owner": "NixOS",
        "repo": "nixpkgs",
        "rev": "85f1ba3e51676fa8cc604a3d863d729026a6b8eb",
        "type": "github"
      },
      "original": {
        "owner": "NixOS",
        "ref": "nixos-unstable",
        "repo": "nixpkgs",
        "type": "github"
      }
    },
    "nixpkgs-fmt": {
      "inputs": {
        "fenix": "fenix",
        "flake-utils": "flake-utils_2",
        "nixpkgs": [
          "nixpkgs"
        ]
      },
      "locked": {
        "lastModified": 1697026026,
        "narHash": "sha256-kRkk8qpZkIxRj74nBtjnBR1ibQQZOkfCutHnWeWkxZo=",
        "owner": "nix-community",
        "repo": "nixpkgs-fmt",
        "rev": "f3fac47d6509e6b23c6103bb833353db348c634f",
        "type": "github"
      },
      "original": {
        "owner": "nix-community",
        "repo": "nixpkgs-fmt",
        "type": "github"
      }
    },
    "null_ls": {
      "flake": false,
      "locked": {
        "lastModified": 1691810493,
        "narHash": "sha256-cWA0rzkOp/ekVKaFee7iea1lhnqKtWUIU+fW5M950wI=",
        "owner": "jose-elias-alvarez",
        "repo": "null-ls.nvim",
        "rev": "0010ea927ab7c09ef0ce9bf28c2b573fc302f5a7",
        "type": "github"
      },
      "original": {
        "owner": "jose-elias-alvarez",
        "repo": "null-ls.nvim",
        "type": "github"
      }
    },
    "nvim-cmp": {
      "flake": false,
      "locked": {
        "lastModified": 1699261102,
        "narHash": "sha256-auUHEjUDOaDkMI9loN6T+/whDDNzPl04bf+nqqLQ5+I=",
        "owner": "hrsh7th",
        "repo": "nvim-cmp",
        "rev": "0b751f6beef40fd47375eaf53d3057e0bfa317e4",
        "type": "github"
      },
      "original": {
        "owner": "hrsh7th",
        "repo": "nvim-cmp",
        "type": "github"
      }
    },
    "nvim-neo-tree": {
      "flake": false,
      "locked": {
        "lastModified": 1699360568,
        "narHash": "sha256-gK4g/+Go0esGGwm/Au8aakz+fcnFEijOWcEYZkk5e2g=",
        "owner": "nvim-neo-tree",
        "repo": "neo-tree.nvim",
        "rev": "f053f09962819c1558cd93639aa80edf7c314c17",
        "type": "github"
      },
      "original": {
        "owner": "nvim-neo-tree",
        "ref": "v3.x",
        "repo": "neo-tree.nvim",
        "type": "github"
      }
    },
    "nvim-nui": {
      "flake": false,
      "locked": {
        "lastModified": 1696824661,
        "narHash": "sha256-pRruztD0S+x0M0jWfLnhGZXlIpka2hzlvnR10oZxa3Q=",
        "owner": "MunifTanjim",
        "repo": "nui.nvim",
        "rev": "c0c8e347ceac53030f5c1ece1c5a5b6a17a25b32",
        "type": "github"
      },
      "original": {
        "owner": "MunifTanjim",
        "repo": "nui.nvim",
        "type": "github"
      }
    },
    "nvim-ts-context-commentstring": {
      "flake": false,
      "locked": {
        "lastModified": 1697124901,
        "narHash": "sha256-VdjBErbyk80U3auQBKnfEg7PPLCRKoacRO5O9w7GyvE=",
        "owner": "JoosepAlviste",
        "repo": "nvim-ts-context-commentstring",
        "rev": "92e688f013c69f90c9bbd596019ec10235bc51de",
        "type": "github"
      },
      "original": {
        "owner": "JoosepAlviste",
        "repo": "nvim-ts-context-commentstring",
        "type": "github"
      }
    },
    "nvim-web-devicons": {
      "flake": false,
      "locked": {
        "lastModified": 1699523965,
        "narHash": "sha256-Z3M+fDkvcD+KJgixSNjVKaniBqlxdW5Z4i0bh4v7h9M=",
        "owner": "nvim-tree",
        "repo": "nvim-web-devicons",
        "rev": "47103b80c38c59f7a1b5408c232b92bf5d018651",
        "type": "github"
      },
      "original": {
        "owner": "nvim-tree",
        "repo": "nvim-web-devicons",
        "type": "github"
      }
    },
    "plenary-nvim": {
      "flake": false,
      "locked": {
        "lastModified": 1697031827,
        "narHash": "sha256-zR44d9MowLG1lIbvrRaFTpO/HXKKrO6lbtZfvvTdx+o=",
        "owner": "nvim-lua",
        "repo": "plenary.nvim",
        "rev": "50012918b2fc8357b87cff2a7f7f0446e47da174",
        "type": "github"
      },
      "original": {
        "owner": "nvim-lua",
        "repo": "plenary.nvim",
        "type": "github"
      }
    },
    "prettierd": {
      "flake": false,
      "locked": {
        "lastModified": 1699462455,
        "narHash": "sha256-dXfO0cpByz3OCVdEgKXyAo9Z0TvC31u1msngkU+q7mc=",
        "owner": "fsouza",
        "repo": "prettierd",
        "rev": "4f71ce2f7c201da5bb53cd50dd55b445885bea77",
        "type": "github"
      },
      "original": {
        "owner": "fsouza",
        "repo": "prettierd",
        "type": "github"
      }
    },
    "root": {
      "inputs": {
        "cmp-buffer": "cmp-buffer",
        "cmp-cmdline": "cmp-cmdline",
        "cmp-luasnip": "cmp-luasnip",
        "cmp-nvim-lsp": "cmp-nvim-lsp",
        "cmp-path": "cmp-path",
        "copilot-cmp": "copilot-cmp",
        "copilot-lua": "copilot-lua",
        "fidget-nvim": "fidget-nvim",
        "flake-utils": "flake-utils",
        "harpoon": "harpoon",
        "indent-blankline": "indent-blankline",
        "lspkind": "lspkind",
        "lualine-nvim": "lualine-nvim",
        "luasnip": "luasnip",
        "mini-comment": "mini-comment",
        "mini-indentscope": "mini-indentscope",
        "mini-pairs": "mini-pairs",
        "neovim": "neovim",
        "nil_ls": "nil_ls",
        "nixpkgs": "nixpkgs",
        "nixpkgs-fmt": "nixpkgs-fmt",
        "null_ls": "null_ls",
        "nvim-cmp": "nvim-cmp",
        "nvim-neo-tree": "nvim-neo-tree",
        "nvim-nui": "nvim-nui",
        "nvim-ts-context-commentstring": "nvim-ts-context-commentstring",
        "nvim-web-devicons": "nvim-web-devicons",
        "plenary-nvim": "plenary-nvim",
        "prettierd": "prettierd",
        "smart-splits": "smart-splits",
        "vim-illuminate": "vim-illuminate",
        "which-key": "which-key"
      }
    },
    "rust-analyzer-src": {
      "flake": false,
      "locked": {
        "lastModified": 1637439871,
        "narHash": "sha256-2awQ/obzl7zqYgLwbQL0zT58gN8Xq7n+81GcMiS595I=",
        "owner": "rust-analyzer",
        "repo": "rust-analyzer",
        "rev": "4566414789310acb2617543f4b50beab4bb48e06",
        "type": "github"
      },
      "original": {
        "owner": "rust-analyzer",
        "ref": "nightly",
        "repo": "rust-analyzer",
        "type": "github"
      }
    },
    "rust-overlay": {
      "inputs": {
        "flake-utils": [
          "nil_ls",
          "flake-utils"
        ],
        "nixpkgs": [
          "nil_ls",
          "nixpkgs"
        ]
      },
      "locked": {
        "lastModified": 1696817516,
        "narHash": "sha256-Xt9OY4Wnk9/vuUfA0OHFtmSlaen5GyiS9msgwOz3okI=",
        "owner": "oxalica",
        "repo": "rust-overlay",
        "rev": "c0df7f2a856b5ff27a3ce314f6d7aacf5fda546f",
        "type": "github"
      },
      "original": {
        "owner": "oxalica",
        "repo": "rust-overlay",
        "type": "github"
      }
    },
    "smart-splits": {
      "flake": false,
      "locked": {
        "lastModified": 1697552761,
        "narHash": "sha256-Q61B5opLqSP4bqE18ey/Qi0UCwbCPZ4gh/pcbLYbvkM=",
        "owner": "mrjones2014",
        "repo": "smart-splits.nvim",
        "rev": "c8a9173d70cbbd1f6e4a414e49e31df2b32a1362",
        "type": "github"
      },
      "original": {
        "owner": "mrjones2014",
        "repo": "smart-splits.nvim",
        "type": "github"
      }
    },
    "systems": {
      "locked": {
        "lastModified": 1681028828,
        "narHash": "sha256-Vy1rq5AaRuLzOxct8nz4T6wlgyUR7zLU309k9mBC768=",
        "owner": "nix-systems",
        "repo": "default",
        "rev": "da67096a3b9bf56a91d16901293e51ba5b49a27e",
        "type": "github"
      },
      "original": {
        "owner": "nix-systems",
        "repo": "default",
        "type": "github"
      }
    },
    "vim-illuminate": {
      "flake": false,
      "locked": {
        "lastModified": 1696601720,
        "narHash": "sha256-KdF52Ho4c8VKt3qBgBIxYnDK8upXqlUj+YnL2IaJdHQ=",
        "owner": "RRethy",
        "repo": "vim-illuminate",
        "rev": "3bd2ab64b5d63b29e05691e624927e5ebbf0fb86",
        "type": "github"
      },
      "original": {
        "owner": "RRethy",
        "repo": "vim-illuminate",
        "type": "github"
      }
    },
    "which-key": {
      "flake": false,
      "locked": {
        "lastModified": 1697801635,
        "narHash": "sha256-uvghPj/teWrRMm09Gh8iQ/LV2nYJw0lmoiZK6L4+1cY=",
        "owner": "folke",
        "repo": "which-key.nvim",
        "rev": "4433e5ec9a507e5097571ed55c02ea9658fb268a",
        "type": "github"
      },
      "original": {
        "owner": "folke",
        "repo": "which-key.nvim",
        "type": "github"
      }
    }
  },
  "root": "root",
  "version": 7
}
