{
  "nodes": {
    "cmp-buffer": {
      "flake": false,
      "locked": {
        "lastModified": 1660101488,
        "narHash": "sha256-dG4U7MtnXThoa/PD+qFtCt76MQ14V1wX8GMYcvxEnbM=",
        "owner": "hrsh7th",
        "repo": "cmp-buffer",
        "rev": "3022dbc9166796b644a841a02de8dd1cc1d311fa",
        "type": "github"
      },
      "original": {
        "owner": "hrsh7th",
        "repo": "cmp-buffer",
        "type": "github"
      }
    },
    "cmp-cmdline": {
      "flake": false,
      "locked": {
        "lastModified": 1686243464,
        "narHash": "sha256-W8v/XhPjbvKSwCrfOAPihO2N9PEVnH5Cp/Fa25lNRw4=",
        "owner": "hrsh7th",
        "repo": "cmp-cmdline",
        "rev": "8ee981b4a91f536f52add291594e89fb6645e451",
        "type": "github"
      },
      "original": {
        "owner": "hrsh7th",
        "repo": "cmp-cmdline",
        "type": "github"
      }
    },
    "cmp-luasnip": {
      "flake": false,
      "locked": {
        "lastModified": 1696878902,
        "narHash": "sha256-nUJJl2zyK/oSwz5RzI9j3gf9zpDfCImCYbPbVsyXgz8=",
        "owner": "saadparwaiz1",
        "repo": "cmp_luasnip",
        "rev": "05a9ab28b53f71d1aece421ef32fee2cb857a843",
        "type": "github"
      },
      "original": {
        "owner": "saadparwaiz1",
        "repo": "cmp_luasnip",
        "type": "github"
      }
    },
    "cmp-nvim-lsp": {
      "flake": false,
      "locked": {
        "lastModified": 1702205473,
        "narHash": "sha256-/0sh9vJBD9pUuD7q3tNSQ1YLvxFMNykdg5eG+LjZAA8=",
        "owner": "hrsh7th",
        "repo": "cmp-nvim-lsp",
        "rev": "5af77f54de1b16c34b23cba810150689a3a90312",
        "type": "github"
      },
      "original": {
        "owner": "hrsh7th",
        "repo": "cmp-nvim-lsp",
        "type": "github"
      }
    },
    "cmp-path": {
      "flake": false,
      "locked": {
        "lastModified": 1664784283,
        "narHash": "sha256-thppiiV3wjIaZnAXmsh7j3DUc6ceSCvGzviwFUnoPaI=",
        "owner": "hrsh7th",
        "repo": "cmp-path",
        "rev": "91ff86cd9c29299a64f968ebb45846c485725f23",
        "type": "github"
      },
      "original": {
        "owner": "hrsh7th",
        "repo": "cmp-path",
        "type": "github"
      }
    },
    "copilot-cmp": {
      "flake": false,
      "locked": {
        "lastModified": 1694286652,
        "narHash": "sha256-srgNohm/aJpswNJ5+T7p+zi9Jinp9e5FA8/wdk6VRiY=",
        "owner": "zbirenbaum",
        "repo": "copilot-cmp",
        "rev": "72fbaa03695779f8349be3ac54fa8bd77eed3ee3",
        "type": "github"
      },
      "original": {
        "owner": "zbirenbaum",
        "repo": "copilot-cmp",
        "type": "github"
      }
    },
    "copilot-lua": {
      "flake": false,
      "locked": {
        "lastModified": 1702668818,
        "narHash": "sha256-eeSjcnveoqsod9b0WfT4P5u6yoytnA118buMJCkWSLk=",
        "owner": "zbirenbaum",
        "repo": "copilot.lua",
        "rev": "dcaaed5b58e6c2d395bca18d25d34e6384856722",
        "type": "github"
      },
      "original": {
        "owner": "zbirenbaum",
        "repo": "copilot.lua",
        "type": "github"
      }
    },
    "fenix": {
      "inputs": {
        "nixpkgs": [
          "nixpkgs-fmt",
          "nixpkgs"
        ],
        "rust-analyzer-src": "rust-analyzer-src"
      },
      "locked": {
        "lastModified": 1637475807,
        "narHash": "sha256-E3nzOvlzZXwyo8Stp5upKsTCDcqUTYAFj4EC060A31c=",
        "owner": "nix-community",
        "repo": "fenix",
        "rev": "960e7fef45692a4fffc6df6d6b613b0399bbdfd5",
        "type": "github"
      },
      "original": {
        "owner": "nix-community",
        "repo": "fenix",
        "type": "github"
      }
    },
    "fidget-nvim": {
      "flake": false,
      "locked": {
        "lastModified": 1699509702,
        "narHash": "sha256-8Gl2Ck4YJGReSEq1Xeh1dpdRq4eImmrxvIHrfxdem3Q=",
        "owner": "j-hui",
        "repo": "fidget.nvim",
        "rev": "2f7c08f45639a64a5c0abcf67321d52c3f499ae6",
        "type": "github"
      },
      "original": {
        "owner": "j-hui",
        "ref": "legacy",
        "repo": "fidget.nvim",
        "type": "github"
      }
    },
    "flake-utils": {
      "inputs": {
        "systems": "systems"
      },
      "locked": {
        "lastModified": 1701680307,
        "narHash": "sha256-kAuep2h5ajznlPMD9rnQyffWG8EM/C73lejGofXvdM8=",
        "owner": "numtide",
        "repo": "flake-utils",
        "rev": "4022d587cbbfd70fe950c1e2083a02621806a725",
        "type": "github"
      },
      "original": {
        "owner": "numtide",
        "repo": "flake-utils",
        "type": "github"
      }
    },
    "flake-utils_2": {
      "locked": {
        "lastModified": 1637014545,
        "narHash": "sha256-26IZAc5yzlD9FlDT54io1oqG/bBoyka+FJk5guaX4x4=",
        "owner": "numtide",
        "repo": "flake-utils",
        "rev": "bba5dcc8e0b20ab664967ad83d24d64cb64ec4f4",
        "type": "github"
      },
      "original": {
        "owner": "numtide",
        "repo": "flake-utils",
        "type": "github"
      }
    },
    "harpoon": {
      "flake": false,
      "locked": {
        "lastModified": 1701464561,
        "narHash": "sha256-No26U/bpSzc4GACxNr33aAZoebcWUHx4BNWFQXvlikY=",
        "owner": "ThePrimeagen",
        "repo": "harpoon",
        "rev": "867e212ac153e793f95b316d1731f3ca1894625e",
        "type": "github"
      },
      "original": {
        "owner": "ThePrimeagen",
        "repo": "harpoon",
        "type": "github"
      }
    },
    "indent-blankline": {
      "flake": false,
      "locked": {
        "lastModified": 1702691651,
        "narHash": "sha256-k1l8G1kw+4I2kaxs3bt0Muc64vO2K+1QjiZ1oIldSfg=",
        "owner": "lukas-reineke",
        "repo": "indent-blankline.nvim",
        "rev": "d4c718467d35bc93714425a7102d82e7e5065280",
        "type": "github"
      },
      "original": {
        "owner": "lukas-reineke",
        "repo": "indent-blankline.nvim",
        "type": "github"
      }
    },
    "lspkind": {
      "flake": false,
      "locked": {
        "lastModified": 1683275543,
        "narHash": "sha256-S+qZm51hw/cRujIfHV/1x1fYyCKI4XQ0utSL8uy4l6I=",
        "owner": "onsails",
        "repo": "lspkind.nvim",
        "rev": "57610d5ab560c073c465d6faf0c19f200cb67e6e",
        "type": "github"
      },
      "original": {
        "owner": "onsails",
        "repo": "lspkind.nvim",
        "type": "github"
      }
    },
    "lualine-nvim": {
      "flake": false,
      "locked": {
        "lastModified": 1697772980,
        "narHash": "sha256-jV+6mV0dyuhiHGei1UqE2r2GoiKJLtdZI2AMNexbi7E=",
        "owner": "nvim-lualine",
        "repo": "lualine.nvim",
        "rev": "2248ef254d0a1488a72041cfb45ca9caada6d994",
        "type": "github"
      },
      "original": {
        "owner": "nvim-lualine",
        "repo": "lualine.nvim",
        "type": "github"
      }
    },
    "luasnip": {
      "flake": false,
      "locked": {
        "lastModified": 1702811738,
        "narHash": "sha256-ly8DJ0Q8sIva3NEvycqI6A92CjoEeHOsCQ/NG+BTQR4=",
        "owner": "L3MON4D3",
        "repo": "LuaSnip",
        "rev": "57c9f5c31b3d712376c704673eac8e948c82e9c1",
        "type": "github"
      },
      "original": {
        "owner": "L3MON4D3",
        "repo": "LuaSnip",
        "type": "github"
      }
    },
    "mini-comment": {
      "flake": false,
      "locked": {
        "lastModified": 1699035527,
        "narHash": "sha256-+qu/wrHqMqSTa6dK0nWBDGSWkdd6VoWyOIKJZioN+0M=",
        "owner": "echasnovski",
        "repo": "mini.comment",
        "rev": "3d9c8009615857e982f09bc5357fc95f2a2175f3",
        "type": "github"
      },
      "original": {
        "owner": "echasnovski",
        "ref": "stable",
        "repo": "mini.comment",
        "type": "github"
      }
    },
    "mini-indentscope": {
      "flake": false,
      "locked": {
        "lastModified": 1699035528,
        "narHash": "sha256-TAHFx0QTL/rTKG+Y6+4zJVUWv5Dau/WAN4t8Wgsn10U=",
        "owner": "echasnovski",
        "repo": "mini.indentscope",
        "rev": "c8fdafa7bf603d758986a27eb546c55a5c73b1a3",
        "type": "github"
      },
      "original": {
        "owner": "echasnovski",
        "ref": "stable",
        "repo": "mini.indentscope",
        "type": "github"
      }
    },
    "mini-pairs": {
      "flake": false,
      "locked": {
        "lastModified": 1699035528,
        "narHash": "sha256-zhvZALE0vXzdzUmksmcpcGMVeexdbdx8HD/EIamtDZg=",
        "owner": "echasnovski",
        "repo": "mini.pairs",
        "rev": "71f117fd57f930da6ef4126b24f594dd398bac26",
        "type": "github"
      },
      "original": {
        "owner": "echasnovski",
        "ref": "stable",
        "repo": "mini.pairs",
        "type": "github"
      }
    },
    "neovim": {
      "inputs": {
        "flake-utils": [
          "flake-utils"
        ],
        "nixpkgs": [
          "nixpkgs"
        ]
      },
      "locked": {
        "dir": "contrib",
        "lastModified": 1696883897,
        "narHash": "sha256-Lyo98cAs7Zhx23N4s4f3zpWFKYJMmXleWpt3wiVDQZo=",
        "owner": "neovim",
        "repo": "neovim",
        "rev": "d772f697a281ce9c58bf933997b87c7f27428a60",
        "type": "github"
      },
      "original": {
        "dir": "contrib",
        "owner": "neovim",
        "ref": "stable",
        "repo": "neovim",
        "type": "github"
      }
    },
    "nil_ls": {
      "inputs": {
        "flake-utils": [
          "flake-utils"
        ],
        "nixpkgs": [
          "nixpkgs"
        ],
        "rust-overlay": "rust-overlay"
      },
      "locked": {
        "lastModified": 1701225372,
        "narHash": "sha256-QSiFeEmTzAIIiCtUaMesu7wi7bvfHuFzPMQpOKMt4Lo=",
        "owner": "oxalica",
        "repo": "nil",
        "rev": "0031eb4343fd4672742fd6ff839da9b4f5120646",
        "type": "github"
      },
      "original": {
        "owner": "oxalica",
        "repo": "nil",
        "type": "github"
      }
    },
    "nixpkgs": {
      "locked": {
        "lastModified": 1702312524,
        "narHash": "sha256-gkZJRDBUCpTPBvQk25G0B7vfbpEYM5s5OZqghkjZsnE=",
        "owner": "NixOS",
        "repo": "nixpkgs",
        "rev": "a9bf124c46ef298113270b1f84a164865987a91c",
        "type": "github"
      },
      "original": {
        "owner": "NixOS",
        "ref": "nixos-unstable",
        "repo": "nixpkgs",
        "type": "github"
      }
    },
    "nixpkgs-fmt": {
      "inputs": {
        "fenix": "fenix",
        "flake-utils": "flake-utils_2",
        "nixpkgs": [
          "nixpkgs"
        ]
      },
      "locked": {
        "lastModified": 1701682646,
        "narHash": "sha256-nT6RwwTzTnSbb+7YeC2jGO6evu33PyYX4XaBN5MaJ4g=",
        "owner": "nix-community",
        "repo": "nixpkgs-fmt",
        "rev": "305d6b64abe7118d85ee3279571918885b8ffaae",
        "type": "github"
      },
      "original": {
        "owner": "nix-community",
        "repo": "nixpkgs-fmt",
        "type": "github"
      }
    },
    "null_ls": {
      "flake": false,
      "locked": {
        "lastModified": 1691810493,
        "narHash": "sha256-cWA0rzkOp/ekVKaFee7iea1lhnqKtWUIU+fW5M950wI=",
        "owner": "jose-elias-alvarez",
        "repo": "null-ls.nvim",
        "rev": "0010ea927ab7c09ef0ce9bf28c2b573fc302f5a7",
        "type": "github"
      },
      "original": {
        "owner": "jose-elias-alvarez",
        "repo": "null-ls.nvim",
        "type": "github"
      }
    },
    "nvim-cmp": {
      "flake": false,
      "locked": {
        "lastModified": 1702541213,
        "narHash": "sha256-BtAYRYn6m788zAq/mNnbAzAxp1TGf9QkRE0hSOp9sdc=",
        "owner": "hrsh7th",
        "repo": "nvim-cmp",
        "rev": "538e37ba87284942c1d76ed38dd497e54e65b891",
        "type": "github"
      },
      "original": {
        "owner": "hrsh7th",
        "repo": "nvim-cmp",
        "type": "github"
      }
    },
    "nvim-neo-tree": {
      "flake": false,
      "locked": {
        "lastModified": 1700340801,
        "narHash": "sha256-NR3A7vfrkRNg2qd3nJjSQHgZHLdqfWbjagguaeAHqo4=",
        "owner": "nvim-neo-tree",
        "repo": "neo-tree.nvim",
        "rev": "230ff118613fa07138ba579b89d13ec2201530b9",
        "type": "github"
      },
      "original": {
        "owner": "nvim-neo-tree",
        "ref": "v3.x",
        "repo": "neo-tree.nvim",
        "type": "github"
      }
    },
    "nvim-nui": {
      "flake": false,
      "locked": {
        "lastModified": 1701845751,
        "narHash": "sha256-LPNDj2VuFlLdRGZlMgspMTPsnygO/Slw9NpPUqjHqc4=",
        "owner": "MunifTanjim",
        "repo": "nui.nvim",
        "rev": "c9b4de623d19a85b353ff70d2ae9c77143abe69c",
        "type": "github"
      },
      "original": {
        "owner": "MunifTanjim",
        "repo": "nui.nvim",
        "type": "github"
      }
    },
    "nvim-surround": {
      "flake": false,
      "locked": {
        "lastModified": 1701725242,
        "narHash": "sha256-ph4obOW+l+TGZp6B4R4ZZtjiFMKWKFKigV3aLLPhbGs=",
        "owner": "kylechui",
        "repo": "nvim-surround",
        "rev": "633a0ab03159569a66b65671b0ffb1a6aed6cf18",
        "type": "github"
      },
      "original": {
        "owner": "kylechui",
        "repo": "nvim-surround",
        "type": "github"
      }
    },
    "nvim-ts-context-commentstring": {
      "flake": false,
      "locked": {
        "lastModified": 1701364374,
        "narHash": "sha256-60kCTkN8LqzL3xzkgIdfr5GpgMBnnX9EMKbmM9B6www=",
        "owner": "JoosepAlviste",
        "repo": "nvim-ts-context-commentstring",
        "rev": "1277b4a1f451b0f18c0790e1a7f12e1e5fdebfee",
        "type": "github"
      },
      "original": {
        "owner": "JoosepAlviste",
        "repo": "nvim-ts-context-commentstring",
        "type": "github"
      }
    },
    "nvim-ufo": {
      "flake": false,
      "locked": {
        "lastModified": 1702731885,
        "narHash": "sha256-kbDfX6dc8W3Wfp0ePg+fvEQbM09Hp0C8Jsp+5PJE2IY=",
        "owner": "kevinhwang91",
        "repo": "nvim-ufo",
        "rev": "107fdbcba73fc9c2e5be118a207efebd84edb3bd",
        "type": "github"
      },
      "original": {
        "owner": "kevinhwang91",
        "repo": "nvim-ufo",
        "type": "github"
      }
    },
    "nvim-web-devicons": {
      "flake": false,
      "locked": {
        "lastModified": 1702476661,
        "narHash": "sha256-xzh9fOOFl0ibLSq8d1O0+RuSU9yN8JrzzuuaFdIOT4U=",
        "owner": "nvim-tree",
        "repo": "nvim-web-devicons",
        "rev": "a1425903ab52a0a0460622519e827f224e5b4fee",
        "type": "github"
      },
      "original": {
        "owner": "nvim-tree",
        "repo": "nvim-web-devicons",
        "type": "github"
      }
    },
    "plenary-nvim": {
      "flake": false,
      "locked": {
        "lastModified": 1701343040,
        "narHash": "sha256-f8YVaXMG0ZyW6iotAgnftaYULnL69UPolRad6RTG27g=",
        "owner": "nvim-lua",
        "repo": "plenary.nvim",
        "rev": "55d9fe89e33efd26f532ef20223e5f9430c8b0c0",
        "type": "github"
      },
      "original": {
        "owner": "nvim-lua",
        "repo": "plenary.nvim",
        "type": "github"
      }
    },
    "prettierd": {
      "flake": false,
      "locked": {
        "lastModified": 1702425843,
        "narHash": "sha256-uqY+/b6FUe6IvQUAW6zliwP8b9MfbbuLj53aGzkMERw=",
        "owner": "fsouza",
        "repo": "prettierd",
        "rev": "856752833d570e7c96d9fc5b9e385cc3580b0e03",
        "type": "github"
      },
      "original": {
        "owner": "fsouza",
        "repo": "prettierd",
        "type": "github"
      }
    },
    "promise-async": {
      "flake": false,
      "locked": {
        "lastModified": 1701165213,
        "narHash": "sha256-JikpNIRxiGzBZ/0M8CBxqR6GW5pY2kOHRKrfwqDcWzU=",
        "owner": "kevinhwang91",
        "repo": "promise-async",
        "rev": "94f6f03c6c1e2aab551aacdf0c1e597a7269abb6",
        "type": "github"
      },
      "original": {
        "owner": "kevinhwang91",
        "repo": "promise-async",
        "type": "github"
      }
    },
    "root": {
      "inputs": {
        "cmp-buffer": "cmp-buffer",
        "cmp-cmdline": "cmp-cmdline",
        "cmp-luasnip": "cmp-luasnip",
        "cmp-nvim-lsp": "cmp-nvim-lsp",
        "cmp-path": "cmp-path",
        "copilot-cmp": "copilot-cmp",
        "copilot-lua": "copilot-lua",
        "fidget-nvim": "fidget-nvim",
        "flake-utils": "flake-utils",
        "harpoon": "harpoon",
        "indent-blankline": "indent-blankline",
        "lspkind": "lspkind",
        "lualine-nvim": "lualine-nvim",
        "luasnip": "luasnip",
        "mini-comment": "mini-comment",
        "mini-indentscope": "mini-indentscope",
        "mini-pairs": "mini-pairs",
        "neovim": "neovim",
        "nil_ls": "nil_ls",
        "nixpkgs": "nixpkgs",
        "nixpkgs-fmt": "nixpkgs-fmt",
        "null_ls": "null_ls",
        "nvim-cmp": "nvim-cmp",
        "nvim-neo-tree": "nvim-neo-tree",
        "nvim-nui": "nvim-nui",
        "nvim-surround": "nvim-surround",
        "nvim-ts-context-commentstring": "nvim-ts-context-commentstring",
        "nvim-ufo": "nvim-ufo",
        "nvim-web-devicons": "nvim-web-devicons",
        "plenary-nvim": "plenary-nvim",
        "prettierd": "prettierd",
        "promise-async": "promise-async",
        "smart-splits": "smart-splits",
        "vim-illuminate": "vim-illuminate",
        "which-key": "which-key"
      }
    },
    "rust-analyzer-src": {
      "flake": false,
      "locked": {
        "lastModified": 1637439871,
        "narHash": "sha256-2awQ/obzl7zqYgLwbQL0zT58gN8Xq7n+81GcMiS595I=",
        "owner": "rust-analyzer",
        "repo": "rust-analyzer",
        "rev": "4566414789310acb2617543f4b50beab4bb48e06",
        "type": "github"
      },
      "original": {
        "owner": "rust-analyzer",
        "ref": "nightly",
        "repo": "rust-analyzer",
        "type": "github"
      }
    },
    "rust-overlay": {
      "inputs": {
        "flake-utils": [
          "nil_ls",
          "flake-utils"
        ],
        "nixpkgs": [
          "nil_ls",
          "nixpkgs"
        ]
      },
      "locked": {
        "lastModified": 1696817516,
        "narHash": "sha256-Xt9OY4Wnk9/vuUfA0OHFtmSlaen5GyiS9msgwOz3okI=",
        "owner": "oxalica",
        "repo": "rust-overlay",
        "rev": "c0df7f2a856b5ff27a3ce314f6d7aacf5fda546f",
        "type": "github"
      },
      "original": {
        "owner": "oxalica",
        "repo": "rust-overlay",
        "type": "github"
      }
    },
    "smart-splits": {
      "flake": false,
      "locked": {
        "lastModified": 1702325396,
        "narHash": "sha256-ILc3qVrXJmuNrwa/RxKZcVpn1UdfZJuXaJ8aZX7XjiM=",
        "owner": "mrjones2014",
        "repo": "smart-splits.nvim",
        "rev": "f0003bf9c3f11b8b9209264f865b8864453ca926",
        "type": "github"
      },
      "original": {
        "owner": "mrjones2014",
        "repo": "smart-splits.nvim",
        "type": "github"
      }
    },
    "systems": {
      "locked": {
        "lastModified": 1681028828,
        "narHash": "sha256-Vy1rq5AaRuLzOxct8nz4T6wlgyUR7zLU309k9mBC768=",
        "owner": "nix-systems",
        "repo": "default",
        "rev": "da67096a3b9bf56a91d16901293e51ba5b49a27e",
        "type": "github"
      },
      "original": {
        "owner": "nix-systems",
        "repo": "default",
        "type": "github"
      }
    },
    "vim-illuminate": {
      "flake": false,
      "locked": {
        "lastModified": 1696601720,
        "narHash": "sha256-KdF52Ho4c8VKt3qBgBIxYnDK8upXqlUj+YnL2IaJdHQ=",
        "owner": "RRethy",
        "repo": "vim-illuminate",
        "rev": "3bd2ab64b5d63b29e05691e624927e5ebbf0fb86",
        "type": "github"
      },
      "original": {
        "owner": "RRethy",
        "repo": "vim-illuminate",
        "type": "github"
      }
    },
    "which-key": {
      "flake": false,
      "locked": {
        "lastModified": 1697801635,
        "narHash": "sha256-uvghPj/teWrRMm09Gh8iQ/LV2nYJw0lmoiZK6L4+1cY=",
        "owner": "folke",
        "repo": "which-key.nvim",
        "rev": "4433e5ec9a507e5097571ed55c02ea9658fb268a",
        "type": "github"
      },
      "original": {
        "owner": "folke",
        "repo": "which-key.nvim",
        "type": "github"
      }
    }
  },
  "root": "root",
  "version": 7
}
